
Microsoft Visual Studio Solution File, Format Version 12.00
# Visual Studio Version 17
VisualStudioVersion = 17.0.31912.275
MinimumVisualStudioVersion = 10.0.40219.1
Project("{9A19103F-16F7-4668-BE54-9A1E7A4F7556}") = "console", "console\console.csproj", "{6312DC4C-651F-4530-AACB-2FD5E0C2324E}"
EndProject
Project("{9A19103F-16F7-4668-BE54-9A1E7A4F7556}") = "Numbers", "Numbers\Numbers.csproj", "{D3960AF5-EE3A-4FBC-90A7-E6E6C3E9F8BF}"
EndProject
Project("{9A19103F-16F7-4668-BE54-9A1E7A4F7556}") = "Variables", "Variables\Variables.csproj", "{A1EECC8E-7A60-4345-B9D3-A3D79C34F1AE}"
EndProject
Project("{9A19103F-16F7-4668-BE54-9A1E7A4F7556}") = "Vocabulary", "Vocabulary\Vocabulary.csproj", "{9D8C9967-A48C-4BBB-B022-FE6876F9E608}"
EndProject
Project("{9A19103F-16F7-4668-BE54-9A1E7A4F7556}") = "Formatting", "Formatting\Formatting.csproj", "{755C9F0A-DFEE-4795-882B-9B078A29ECC5}"
EndProject
Project("{9A19103F-16F7-4668-BE54-9A1E7A4F7556}") = "Arguments", "Arguments\Arguments.csproj", "{A3FD0EBB-ADD9-47B1-A8F2-A4F364A48433}"
EndProject
Project("{FAE04EC0-301F-11D3-BF4B-00C04F79EFBC}") = "Exercise2_1", "Exercise2_1\Exercise2_1.csproj", "{844107F3-F12E-4DAC-89EE-601598DECEFD}"
EndProject
Global
	GlobalSection(SolutionConfigurationPlatforms) = preSolution
		Debug|Any CPU = Debug|Any CPU
		Release|Any CPU = Release|Any CPU
	EndGlobalSection
	GlobalSection(ProjectConfigurationPlatforms) = postSolution
		{6312DC4C-651F-4530-AACB-2FD5E0C2324E}.Debug|Any CPU.ActiveCfg = Debug|Any CPU
		{6312DC4C-651F-4530-AACB-2FD5E0C2324E}.Debug|Any CPU.Build.0 = Debug|Any CPU
		{6312DC4C-651F-4530-AACB-2FD5E0C2324E}.Release|Any CPU.ActiveCfg = Release|Any CPU
		{6312DC4C-651F-4530-AACB-2FD5E0C2324E}.Release|Any CPU.Build.0 = Release|Any CPU
		{D3960AF5-EE3A-4FBC-90A7-E6E6C3E9F8BF}.Debug|Any CPU.ActiveCfg = Debug|Any CPU
		{D3960AF5-EE3A-4FBC-90A7-E6E6C3E9F8BF}.Debug|Any CPU.Build.0 = Debug|Any CPU
		{D3960AF5-EE3A-4FBC-90A7-E6E6C3E9F8BF}.Release|Any CPU.ActiveCfg = Release|Any CPU
		{D3960AF5-EE3A-4FBC-90A7-E6E6C3E9F8BF}.Release|Any CPU.Build.0 = Release|Any CPU
		{A1EECC8E-7A60-4345-B9D3-A3D79C34F1AE}.Debug|Any CPU.ActiveCfg = Debug|Any CPU
		{A1EECC8E-7A60-4345-B9D3-A3D79C34F1AE}.Debug|Any CPU.Build.0 = Debug|Any CPU
		{A1EECC8E-7A60-4345-B9D3-A3D79C34F1AE}.Release|Any CPU.ActiveCfg = Release|Any CPU
		{A1EECC8E-7A60-4345-B9D3-A3D79C34F1AE}.Release|Any CPU.Build.0 = Release|Any CPU
		{9D8C9967-A48C-4BBB-B022-FE6876F9E608}.Debug|Any CPU.ActiveCfg = Debug|Any CPU
		{9D8C9967-A48C-4BBB-B022-FE6876F9E608}.Debug|Any CPU.Build.0 = Debug|Any CPU
		{9D8C9967-A48C-4BBB-B022-FE6876F9E608}.Release|Any CPU.ActiveCfg = Release|Any CPU
		{9D8C9967-A48C-4BBB-B022-FE6876F9E608}.Release|Any CPU.Build.0 = Release|Any CPU
		{755C9F0A-DFEE-4795-882B-9B078A29ECC5}.Debug|Any CPU.ActiveCfg = Debug|Any CPU
		{755C9F0A-DFEE-4795-882B-9B078A29ECC5}.Debug|Any CPU.Build.0 = Debug|Any CPU
		{755C9F0A-DFEE-4795-882B-9B078A29ECC5}.Release|Any CPU.ActiveCfg = Release|Any CPU
		{755C9F0A-DFEE-4795-882B-9B078A29ECC5}.Release|Any CPU.Build.0 = Release|Any CPU
		{A3FD0EBB-ADD9-47B1-A8F2-A4F364A48433}.Debug|Any CPU.ActiveCfg = Debug|Any CPU
		{A3FD0EBB-ADD9-47B1-A8F2-A4F364A48433}.Debug|Any CPU.Build.0 = Debug|Any CPU
		{A3FD0EBB-ADD9-47B1-A8F2-A4F364A48433}.Release|Any CPU.ActiveCfg = Release|Any CPU
		{A3FD0EBB-ADD9-47B1-A8F2-A4F364A48433}.Release|Any CPU.Build.0 = Release|Any CPU
		{844107F3-F12E-4DAC-89EE-601598DECEFD}.Debug|Any CPU.ActiveCfg = Debug|Any CPU
		{844107F3-F12E-4DAC-89EE-601598DECEFD}.Debug|Any CPU.Build.0 = Debug|Any CPU
		{844107F3-F12E-4DAC-89EE-601598DECEFD}.Release|Any CPU.ActiveCfg = Release|Any CPU
		{844107F3-F12E-4DAC-89EE-601598DECEFD}.Release|Any CPU.Build.0 = Release|Any CPU
	EndGlobalSection
	GlobalSection(SolutionProperties) = preSolution
		HideSolutionNode = FALSE
	EndGlobalSection
	GlobalSection(ExtensibilityGlobals) = postSolution
		SolutionGuid = {18A83DE5-6493-49F3-8BA9-AE80FF7159C7}
	EndGlobalSection
EndGlobal
